
Microsoft Visual Studio Solution File, Format Version 12.00
# Visual Studio Version 17
VisualStudioVersion = 17.4.33213.308
MinimumVisualStudioVersion = 10.0.40219.1
Project("{FAE04EC0-301F-11D3-BF4B-00C04F79EFBC}") = "test_project", "test_project\test_project.csproj", "{A1F2FAC8-614C-4783-A7E8-932CF4B0CBB3}"
EndProject
Global
	GlobalSection(SolutionConfigurationPlatforms) = preSolution
		Debug|Any CPU = Debug|Any CPU
		Release|Any CPU = Release|Any CPU
	EndGlobalSection
	GlobalSection(ProjectConfigurationPlatforms) = postSolution
		{A1F2FAC8-614C-4783-A7E8-932CF4B0CBB3}.Debug|Any CPU.ActiveCfg = Debug|Any CPU
		{A1F2FAC8-614C-4783-A7E8-932CF4B0CBB3}.Debug|Any CPU.Build.0 = Debug|Any CPU
		{A1F2FAC8-614C-4783-A7E8-932CF4B0CBB3}.Release|Any CPU.ActiveCfg = Release|Any CPU
		{A1F2FAC8-614C-4783-A7E8-932CF4B0CBB3}.Release|Any CPU.Build.0 = Release|Any CPU
	EndGlobalSection
	GlobalSection(SolutionProperties) = preSolution
		HideSolutionNode = FALSE
	EndGlobalSection
	GlobalSection(ExtensibilityGlobals) = postSolution
		SolutionGuid = {2F6D5E85-218A-4203-AF84-FDEDE5EBCAE9}
	EndGlobalSection
EndGlobal
